
Microsoft Visual Studio Solution File, Format Version 12.00
# Visual Studio Version 16
VisualStudioVersion = 16.0.30413.136
MinimumVisualStudioVersion = 10.0.40219.1
Project("{FAE04EC0-301F-11D3-BF4B-00C04F79EFBC}") = "TwitchLibTest", "TwitchLibTest\TwitchLibTest.csproj", "{D1D25C2E-695E-4B21-A79C-2A17F1A77CC1}"
EndProject
Global
	GlobalSection(SolutionConfigurationPlatforms) = preSolution
		Debug|Any CPU = Debug|Any CPU
		Release|Any CPU = Release|Any CPU
	EndGlobalSection
	GlobalSection(ProjectConfigurationPlatforms) = postSolution
		{D1D25C2E-695E-4B21-A79C-2A17F1A77CC1}.Debug|Any CPU.ActiveCfg = Debug|Any CPU
		{D1D25C2E-695E-4B21-A79C-2A17F1A77CC1}.Debug|Any CPU.Build.0 = Debug|Any CPU
		{D1D25C2E-695E-4B21-A79C-2A17F1A77CC1}.Release|Any CPU.ActiveCfg = Release|Any CPU
		{D1D25C2E-695E-4B21-A79C-2A17F1A77CC1}.Release|Any CPU.Build.0 = Release|Any CPU
	EndGlobalSection
	GlobalSection(SolutionProperties) = preSolution
		HideSolutionNode = FALSE
	EndGlobalSection
	GlobalSection(ExtensibilityGlobals) = postSolution
		SolutionGuid = {21BA10DC-2ECB-4A31-9897-B3757631D7D2}
	EndGlobalSection
EndGlobal
